
Microsoft Visual Studio Solution File, Format Version 12.00
# Visual Studio 2012
Project("{FAE04EC0-301F-11D3-BF4B-00C04F79EFBC}") = "sjy", "sjy\sjy.csproj", "{12ACC211-5708-435A-8FD2-3B55ADBA71EF}"
EndProject
Project("{FAE04EC0-301F-11D3-BF4B-00C04F79EFBC}") = "sjy.Tests", "sjy.Tests\sjy.Tests.csproj", "{51818E04-68A4-449E-8B23-C06C5C516803}"
EndProject
Global
	GlobalSection(SolutionConfigurationPlatforms) = preSolution
		Debug|Any CPU = Debug|Any CPU
		Release|Any CPU = Release|Any CPU
	EndGlobalSection
	GlobalSection(ProjectConfigurationPlatforms) = postSolution
		{12ACC211-5708-435A-8FD2-3B55ADBA71EF}.Debug|Any CPU.ActiveCfg = Debug|Any CPU
		{12ACC211-5708-435A-8FD2-3B55ADBA71EF}.Debug|Any CPU.Build.0 = Debug|Any CPU
		{12ACC211-5708-435A-8FD2-3B55ADBA71EF}.Release|Any CPU.ActiveCfg = Release|Any CPU
		{12ACC211-5708-435A-8FD2-3B55ADBA71EF}.Release|Any CPU.Build.0 = Release|Any CPU
		{51818E04-68A4-449E-8B23-C06C5C516803}.Debug|Any CPU.ActiveCfg = Debug|Any CPU
		{51818E04-68A4-449E-8B23-C06C5C516803}.Debug|Any CPU.Build.0 = Debug|Any CPU
		{51818E04-68A4-449E-8B23-C06C5C516803}.Release|Any CPU.ActiveCfg = Release|Any CPU
		{51818E04-68A4-449E-8B23-C06C5C516803}.Release|Any CPU.Build.0 = Release|Any CPU
	EndGlobalSection
EndGlobal
