
Microsoft Visual Studio Solution File, Format Version 12.00
# Visual Studio 2013
VisualStudioVersion = 12.0.40629.0
MinimumVisualStudioVersion = 10.0.40219.1
Project("{FAE04EC0-301F-11D3-BF4B-00C04F79EFBC}") = "DayOne", "DayOne\DayOne.csproj", "{4431A5E2-A870-4BEE-AF67-240D4FA25E29}"
EndProject
Project("{FAE04EC0-301F-11D3-BF4B-00C04F79EFBC}") = "DayOne.Tests", "DayOne.Tests\DayOne.Tests.csproj", "{FFFD346D-49E8-4D70-9799-BB30B3661487}"
EndProject
Project("{FAE04EC0-301F-11D3-BF4B-00C04F79EFBC}") = "DayOne.Services", "DayOne.Services\DayOne.Services.csproj", "{C4CD05D7-5944-4834-BB8B-4C7CAE67D16D}"
EndProject
Project("{FAE04EC0-301F-11D3-BF4B-00C04F79EFBC}") = "DayOne.Entities", "DayOne.Entities\DayOne.Entities.csproj", "{141D19B2-F76B-4D69-8716-DC4208EBA0F3}"
EndProject
Project("{FAE04EC0-301F-11D3-BF4B-00C04F79EFBC}") = "DayOne.IoObjects", "DayOne.IoObjects\DayOne.IoObjects.csproj", "{AD2D4048-0D23-4356-B7FB-F128CF6C44F7}"
EndProject
Global
	GlobalSection(SolutionConfigurationPlatforms) = preSolution
		Debug|Any CPU = Debug|Any CPU
		Release|Any CPU = Release|Any CPU
	EndGlobalSection
	GlobalSection(ProjectConfigurationPlatforms) = postSolution
		{4431A5E2-A870-4BEE-AF67-240D4FA25E29}.Debug|Any CPU.ActiveCfg = Debug|Any CPU
		{4431A5E2-A870-4BEE-AF67-240D4FA25E29}.Debug|Any CPU.Build.0 = Debug|Any CPU
		{4431A5E2-A870-4BEE-AF67-240D4FA25E29}.Release|Any CPU.ActiveCfg = Release|Any CPU
		{4431A5E2-A870-4BEE-AF67-240D4FA25E29}.Release|Any CPU.Build.0 = Release|Any CPU
		{FFFD346D-49E8-4D70-9799-BB30B3661487}.Debug|Any CPU.ActiveCfg = Debug|Any CPU
		{FFFD346D-49E8-4D70-9799-BB30B3661487}.Debug|Any CPU.Build.0 = Debug|Any CPU
		{FFFD346D-49E8-4D70-9799-BB30B3661487}.Release|Any CPU.ActiveCfg = Release|Any CPU
		{FFFD346D-49E8-4D70-9799-BB30B3661487}.Release|Any CPU.Build.0 = Release|Any CPU
		{C4CD05D7-5944-4834-BB8B-4C7CAE67D16D}.Debug|Any CPU.ActiveCfg = Debug|Any CPU
		{C4CD05D7-5944-4834-BB8B-4C7CAE67D16D}.Debug|Any CPU.Build.0 = Debug|Any CPU
		{C4CD05D7-5944-4834-BB8B-4C7CAE67D16D}.Release|Any CPU.ActiveCfg = Release|Any CPU
		{C4CD05D7-5944-4834-BB8B-4C7CAE67D16D}.Release|Any CPU.Build.0 = Release|Any CPU
		{141D19B2-F76B-4D69-8716-DC4208EBA0F3}.Debug|Any CPU.ActiveCfg = Debug|Any CPU
		{141D19B2-F76B-4D69-8716-DC4208EBA0F3}.Debug|Any CPU.Build.0 = Debug|Any CPU
		{141D19B2-F76B-4D69-8716-DC4208EBA0F3}.Release|Any CPU.ActiveCfg = Release|Any CPU
		{141D19B2-F76B-4D69-8716-DC4208EBA0F3}.Release|Any CPU.Build.0 = Release|Any CPU
		{AD2D4048-0D23-4356-B7FB-F128CF6C44F7}.Debug|Any CPU.ActiveCfg = Debug|Any CPU
		{AD2D4048-0D23-4356-B7FB-F128CF6C44F7}.Debug|Any CPU.Build.0 = Debug|Any CPU
		{AD2D4048-0D23-4356-B7FB-F128CF6C44F7}.Release|Any CPU.ActiveCfg = Release|Any CPU
		{AD2D4048-0D23-4356-B7FB-F128CF6C44F7}.Release|Any CPU.Build.0 = Release|Any CPU
	EndGlobalSection
	GlobalSection(SolutionProperties) = preSolution
		HideSolutionNode = FALSE
	EndGlobalSection
EndGlobal
